
Microsoft Visual Studio Solution File, Format Version 12.00
# Visual Studio Version 17
VisualStudioVersion = 17.7.34031.279
MinimumVisualStudioVersion = 10.0.40219.1
Project("{9A19103F-16F7-4668-BE54-9A1E7A4F7556}") = "WebFramework", "WebFramework.csproj", "{ACBF00E1-E076-4732-9544-B0395FC8D7C3}"
EndProject
Global
	GlobalSection(SolutionConfigurationPlatforms) = preSolution
		Debug|Any CPU = Debug|Any CPU
		Release|Any CPU = Release|Any CPU
	EndGlobalSection
	GlobalSection(ProjectConfigurationPlatforms) = postSolution
		{ACBF00E1-E076-4732-9544-B0395FC8D7C3}.Debug|Any CPU.ActiveCfg = Debug|Any CPU
		{ACBF00E1-E076-4732-9544-B0395FC8D7C3}.Debug|Any CPU.Build.0 = Debug|Any CPU
		{ACBF00E1-E076-4732-9544-B0395FC8D7C3}.Release|Any CPU.ActiveCfg = Release|Any CPU
		{ACBF00E1-E076-4732-9544-B0395FC8D7C3}.Release|Any CPU.Build.0 = Release|Any CPU
	EndGlobalSection
	GlobalSection(SolutionProperties) = preSolution
		HideSolutionNode = FALSE
	EndGlobalSection
	GlobalSection(ExtensibilityGlobals) = postSolution
		SolutionGuid = {6C4BD1FC-5DDA-4A72-9D63-E8FF77208954}
	EndGlobalSection
EndGlobal
